
Microsoft Visual Studio Solution File, Format Version 12.00
# Visual Studio Version 17
VisualStudioVersion = 17.4.33403.182
MinimumVisualStudioVersion = 10.0.40219.1
Project("{2150E333-8FDC-42A3-9474-1A3956D46DE8}") = "2015", "2015", "{E6BCAAFC-7BB9-403E-A5A9-1C39460C07A7}"
EndProject
Project("{FAE04EC0-301F-11D3-BF4B-00C04F79EFBC}") = "advent-of-code-day-1", "2015\advent-of-code-day-1\advent-of-code-day-1.csproj", "{4072BE30-DD82-4D12-8DD3-C739C0D4FC5F}"
EndProject
Project("{FAE04EC0-301F-11D3-BF4B-00C04F79EFBC}") = "advent-of-code-day-2", "2015\advent-of-code-day-2\advent-of-code-day-2.csproj", "{53BEC6B9-08F8-4A0C-84F8-74FC2C604E3C}"
EndProject
Project("{FAE04EC0-301F-11D3-BF4B-00C04F79EFBC}") = "advent-of-code-day-3", "2015\advent-of-code-day-3\advent-of-code-day-3.csproj", "{A41613B3-34C0-4C10-84ED-9599DA5655A2}"
EndProject
Project("{FAE04EC0-301F-11D3-BF4B-00C04F79EFBC}") = "advent-of-code-day-4", "2015\advent-of-code-day-4\advent-of-code-day-4.csproj", "{FC29DC1A-FABB-4BE9-8D7C-FCB1D16B887F}"
EndProject
Project("{FAE04EC0-301F-11D3-BF4B-00C04F79EFBC}") = "advent-of-code-day-5", "2015\advent-of-code-day-5\advent-of-code-day-5.csproj", "{2C10F22D-A7D6-4744-ACFB-E0B0EE9DF475}"
EndProject
Project("{FAE04EC0-301F-11D3-BF4B-00C04F79EFBC}") = "advent-of-code-day-6", "2015\advent-of-code-day-6\advent-of-code-day-6.csproj", "{09C3CDA1-1BCA-409E-B1E6-B5FCD6B50EED}"
EndProject
Project("{FAE04EC0-301F-11D3-BF4B-00C04F79EFBC}") = "advent-of-code-day-7", "2015\advent-of-code-day-7\advent-of-code-day-7.csproj", "{AA42C3E0-4E87-4AFC-B76C-E94D21F78B93}"
EndProject
Project("{FAE04EC0-301F-11D3-BF4B-00C04F79EFBC}") = "advent-of-code-day-8", "2015\advent-of-code-day-8\advent-of-code-day-8.csproj", "{FA88EB9F-DF51-4764-8708-957394EA601B}"
EndProject
Project("{FAE04EC0-301F-11D3-BF4B-00C04F79EFBC}") = "advent-of-code-day-9", "2015\advent-of-code-day-9\advent-of-code-day-9.csproj", "{29A988A1-453B-441E-950E-8A87254FBA34}"
EndProject
Project("{FAE04EC0-301F-11D3-BF4B-00C04F79EFBC}") = "advent-of-code-day-10", "2015\advent-of-code-day-10\advent-of-code-day-10.csproj", "{BBB8248B-9165-48F9-B5DB-80ADD2AD6BCA}"
EndProject
Project("{FAE04EC0-301F-11D3-BF4B-00C04F79EFBC}") = "advent-of-code-day-11", "2015\advent-of-code-day-11\advent-of-code-day-11.csproj", "{0B0A0956-3353-47DE-9CDB-395D916B7B16}"
EndProject
Global
	GlobalSection(SolutionConfigurationPlatforms) = preSolution
		Debug|Any CPU = Debug|Any CPU
		Release|Any CPU = Release|Any CPU
	EndGlobalSection
	GlobalSection(ProjectConfigurationPlatforms) = postSolution
		{4072BE30-DD82-4D12-8DD3-C739C0D4FC5F}.Debug|Any CPU.ActiveCfg = Debug|Any CPU
		{4072BE30-DD82-4D12-8DD3-C739C0D4FC5F}.Debug|Any CPU.Build.0 = Debug|Any CPU
		{4072BE30-DD82-4D12-8DD3-C739C0D4FC5F}.Release|Any CPU.ActiveCfg = Release|Any CPU
		{4072BE30-DD82-4D12-8DD3-C739C0D4FC5F}.Release|Any CPU.Build.0 = Release|Any CPU
		{53BEC6B9-08F8-4A0C-84F8-74FC2C604E3C}.Debug|Any CPU.ActiveCfg = Debug|Any CPU
		{53BEC6B9-08F8-4A0C-84F8-74FC2C604E3C}.Debug|Any CPU.Build.0 = Debug|Any CPU
		{53BEC6B9-08F8-4A0C-84F8-74FC2C604E3C}.Release|Any CPU.ActiveCfg = Release|Any CPU
		{53BEC6B9-08F8-4A0C-84F8-74FC2C604E3C}.Release|Any CPU.Build.0 = Release|Any CPU
		{A41613B3-34C0-4C10-84ED-9599DA5655A2}.Debug|Any CPU.ActiveCfg = Debug|Any CPU
		{A41613B3-34C0-4C10-84ED-9599DA5655A2}.Debug|Any CPU.Build.0 = Debug|Any CPU
		{A41613B3-34C0-4C10-84ED-9599DA5655A2}.Release|Any CPU.ActiveCfg = Release|Any CPU
		{A41613B3-34C0-4C10-84ED-9599DA5655A2}.Release|Any CPU.Build.0 = Release|Any CPU
		{FC29DC1A-FABB-4BE9-8D7C-FCB1D16B887F}.Debug|Any CPU.ActiveCfg = Debug|Any CPU
		{FC29DC1A-FABB-4BE9-8D7C-FCB1D16B887F}.Debug|Any CPU.Build.0 = Debug|Any CPU
		{FC29DC1A-FABB-4BE9-8D7C-FCB1D16B887F}.Release|Any CPU.ActiveCfg = Release|Any CPU
		{FC29DC1A-FABB-4BE9-8D7C-FCB1D16B887F}.Release|Any CPU.Build.0 = Release|Any CPU
		{2C10F22D-A7D6-4744-ACFB-E0B0EE9DF475}.Debug|Any CPU.ActiveCfg = Debug|Any CPU
		{2C10F22D-A7D6-4744-ACFB-E0B0EE9DF475}.Debug|Any CPU.Build.0 = Debug|Any CPU
		{2C10F22D-A7D6-4744-ACFB-E0B0EE9DF475}.Release|Any CPU.ActiveCfg = Release|Any CPU
		{2C10F22D-A7D6-4744-ACFB-E0B0EE9DF475}.Release|Any CPU.Build.0 = Release|Any CPU
		{09C3CDA1-1BCA-409E-B1E6-B5FCD6B50EED}.Debug|Any CPU.ActiveCfg = Debug|Any CPU
		{09C3CDA1-1BCA-409E-B1E6-B5FCD6B50EED}.Debug|Any CPU.Build.0 = Debug|Any CPU
		{09C3CDA1-1BCA-409E-B1E6-B5FCD6B50EED}.Release|Any CPU.ActiveCfg = Release|Any CPU
		{09C3CDA1-1BCA-409E-B1E6-B5FCD6B50EED}.Release|Any CPU.Build.0 = Release|Any CPU
		{AA42C3E0-4E87-4AFC-B76C-E94D21F78B93}.Debug|Any CPU.ActiveCfg = Debug|Any CPU
		{AA42C3E0-4E87-4AFC-B76C-E94D21F78B93}.Debug|Any CPU.Build.0 = Debug|Any CPU
		{AA42C3E0-4E87-4AFC-B76C-E94D21F78B93}.Release|Any CPU.ActiveCfg = Release|Any CPU
		{AA42C3E0-4E87-4AFC-B76C-E94D21F78B93}.Release|Any CPU.Build.0 = Release|Any CPU
		{FA88EB9F-DF51-4764-8708-957394EA601B}.Debug|Any CPU.ActiveCfg = Debug|Any CPU
		{FA88EB9F-DF51-4764-8708-957394EA601B}.Debug|Any CPU.Build.0 = Debug|Any CPU
		{FA88EB9F-DF51-4764-8708-957394EA601B}.Release|Any CPU.ActiveCfg = Release|Any CPU
		{FA88EB9F-DF51-4764-8708-957394EA601B}.Release|Any CPU.Build.0 = Release|Any CPU
		{29A988A1-453B-441E-950E-8A87254FBA34}.Debug|Any CPU.ActiveCfg = Debug|Any CPU
		{29A988A1-453B-441E-950E-8A87254FBA34}.Debug|Any CPU.Build.0 = Debug|Any CPU
		{29A988A1-453B-441E-950E-8A87254FBA34}.Release|Any CPU.ActiveCfg = Release|Any CPU
		{29A988A1-453B-441E-950E-8A87254FBA34}.Release|Any CPU.Build.0 = Release|Any CPU
		{BBB8248B-9165-48F9-B5DB-80ADD2AD6BCA}.Debug|Any CPU.ActiveCfg = Debug|Any CPU
		{BBB8248B-9165-48F9-B5DB-80ADD2AD6BCA}.Debug|Any CPU.Build.0 = Debug|Any CPU
		{BBB8248B-9165-48F9-B5DB-80ADD2AD6BCA}.Release|Any CPU.ActiveCfg = Release|Any CPU
		{BBB8248B-9165-48F9-B5DB-80ADD2AD6BCA}.Release|Any CPU.Build.0 = Release|Any CPU
		{0B0A0956-3353-47DE-9CDB-395D916B7B16}.Debug|Any CPU.ActiveCfg = Debug|Any CPU
		{0B0A0956-3353-47DE-9CDB-395D916B7B16}.Debug|Any CPU.Build.0 = Debug|Any CPU
		{0B0A0956-3353-47DE-9CDB-395D916B7B16}.Release|Any CPU.ActiveCfg = Release|Any CPU
		{0B0A0956-3353-47DE-9CDB-395D916B7B16}.Release|Any CPU.Build.0 = Release|Any CPU
	EndGlobalSection
	GlobalSection(SolutionProperties) = preSolution
		HideSolutionNode = FALSE
	EndGlobalSection
	GlobalSection(NestedProjects) = preSolution
		{4072BE30-DD82-4D12-8DD3-C739C0D4FC5F} = {E6BCAAFC-7BB9-403E-A5A9-1C39460C07A7}
		{53BEC6B9-08F8-4A0C-84F8-74FC2C604E3C} = {E6BCAAFC-7BB9-403E-A5A9-1C39460C07A7}
		{A41613B3-34C0-4C10-84ED-9599DA5655A2} = {E6BCAAFC-7BB9-403E-A5A9-1C39460C07A7}
		{FC29DC1A-FABB-4BE9-8D7C-FCB1D16B887F} = {E6BCAAFC-7BB9-403E-A5A9-1C39460C07A7}
		{2C10F22D-A7D6-4744-ACFB-E0B0EE9DF475} = {E6BCAAFC-7BB9-403E-A5A9-1C39460C07A7}
		{09C3CDA1-1BCA-409E-B1E6-B5FCD6B50EED} = {E6BCAAFC-7BB9-403E-A5A9-1C39460C07A7}
		{AA42C3E0-4E87-4AFC-B76C-E94D21F78B93} = {E6BCAAFC-7BB9-403E-A5A9-1C39460C07A7}
		{FA88EB9F-DF51-4764-8708-957394EA601B} = {E6BCAAFC-7BB9-403E-A5A9-1C39460C07A7}
		{29A988A1-453B-441E-950E-8A87254FBA34} = {E6BCAAFC-7BB9-403E-A5A9-1C39460C07A7}
		{BBB8248B-9165-48F9-B5DB-80ADD2AD6BCA} = {E6BCAAFC-7BB9-403E-A5A9-1C39460C07A7}
		{0B0A0956-3353-47DE-9CDB-395D916B7B16} = {E6BCAAFC-7BB9-403E-A5A9-1C39460C07A7}
	EndGlobalSection
	GlobalSection(ExtensibilityGlobals) = postSolution
		SolutionGuid = {8DA2D1DA-BC7C-4172-B6ED-BC3021D0ADF8}
	EndGlobalSection
EndGlobal
